
Microsoft Visual Studio Solution File, Format Version 12.00
# Visual Studio Version 17
VisualStudioVersion = 17.4.33205.214
MinimumVisualStudioVersion = 10.0.40219.1
Project("{FAE04EC0-301F-11D3-BF4B-00C04F79EFBC}") = "ASP.NET_Task1", "ASP.NET_Task1\ASP.NET_Task1.csproj", "{62F0BC50-D638-4E79-9D6C-DDD1C4237C5C}"
EndProject
Global
	GlobalSection(SolutionConfigurationPlatforms) = preSolution
		Debug|Any CPU = Debug|Any CPU
		Release|Any CPU = Release|Any CPU
	EndGlobalSection
	GlobalSection(ProjectConfigurationPlatforms) = postSolution
		{62F0BC50-D638-4E79-9D6C-DDD1C4237C5C}.Debug|Any CPU.ActiveCfg = Debug|Any CPU
		{62F0BC50-D638-4E79-9D6C-DDD1C4237C5C}.Debug|Any CPU.Build.0 = Debug|Any CPU
		{62F0BC50-D638-4E79-9D6C-DDD1C4237C5C}.Release|Any CPU.ActiveCfg = Release|Any CPU
		{62F0BC50-D638-4E79-9D6C-DDD1C4237C5C}.Release|Any CPU.Build.0 = Release|Any CPU
	EndGlobalSection
	GlobalSection(SolutionProperties) = preSolution
		HideSolutionNode = FALSE
	EndGlobalSection
	GlobalSection(ExtensibilityGlobals) = postSolution
		SolutionGuid = {ED069B0D-2032-449D-A5AE-D6CD86B88984}
	EndGlobalSection
EndGlobal
